
Microsoft Visual Studio Solution File, Format Version 12.00
# Visual Studio 14
VisualStudioVersion = 14.0.25420.1
MinimumVisualStudioVersion = 10.0.40219.1
Project("{FAE04EC0-301F-11D3-BF4B-00C04F79EFBC}") = "AsyncForms1", "AsyncForms1\AsyncForms1.csproj", "{819C07F4-42E1-47F0-B4C3-9DAFAECA742A}"
EndProject
Project("{FAE04EC0-301F-11D3-BF4B-00C04F79EFBC}") = "AsyncFruitCounting", "AsyncFruitCounting\AsyncFruitCounting.csproj", "{AAFB2CA2-907F-4EEA-B703-756B4A07E488}"
EndProject
Project("{FAE04EC0-301F-11D3-BF4B-00C04F79EFBC}") = "FakeConsoleApp", "FakeConsoleApp\FakeConsoleApp.csproj", "{5F2446EA-54AC-41DC-AFFF-DC031073AF12}"
EndProject
Project("{FAE04EC0-301F-11D3-BF4B-00C04F79EFBC}") = "APM", "APM\APM.csproj", "{EF810564-1519-43EA-AF47-1975840A4A89}"
EndProject
Project("{FAE04EC0-301F-11D3-BF4B-00C04F79EFBC}") = "EAP", "EAP\EAP.csproj", "{4EBBBB2F-5FEF-4798-885D-83CBF0726296}"
EndProject
Project("{FAE04EC0-301F-11D3-BF4B-00C04F79EFBC}") = "ParallelCode", "Parallel\ParallelCode.csproj", "{F86ABEC3-4728-49AC-A8C5-B55D2A158EA5}"
EndProject
Global
	GlobalSection(SolutionConfigurationPlatforms) = preSolution
		Debug|Any CPU = Debug|Any CPU
		Release|Any CPU = Release|Any CPU
	EndGlobalSection
	GlobalSection(ProjectConfigurationPlatforms) = postSolution
		{819C07F4-42E1-47F0-B4C3-9DAFAECA742A}.Debug|Any CPU.ActiveCfg = Debug|Any CPU
		{819C07F4-42E1-47F0-B4C3-9DAFAECA742A}.Debug|Any CPU.Build.0 = Debug|Any CPU
		{819C07F4-42E1-47F0-B4C3-9DAFAECA742A}.Release|Any CPU.ActiveCfg = Release|Any CPU
		{819C07F4-42E1-47F0-B4C3-9DAFAECA742A}.Release|Any CPU.Build.0 = Release|Any CPU
		{AAFB2CA2-907F-4EEA-B703-756B4A07E488}.Debug|Any CPU.ActiveCfg = Debug|Any CPU
		{AAFB2CA2-907F-4EEA-B703-756B4A07E488}.Debug|Any CPU.Build.0 = Debug|Any CPU
		{AAFB2CA2-907F-4EEA-B703-756B4A07E488}.Release|Any CPU.ActiveCfg = Release|Any CPU
		{AAFB2CA2-907F-4EEA-B703-756B4A07E488}.Release|Any CPU.Build.0 = Release|Any CPU
		{5F2446EA-54AC-41DC-AFFF-DC031073AF12}.Debug|Any CPU.ActiveCfg = Debug|Any CPU
		{5F2446EA-54AC-41DC-AFFF-DC031073AF12}.Debug|Any CPU.Build.0 = Debug|Any CPU
		{5F2446EA-54AC-41DC-AFFF-DC031073AF12}.Release|Any CPU.ActiveCfg = Release|Any CPU
		{5F2446EA-54AC-41DC-AFFF-DC031073AF12}.Release|Any CPU.Build.0 = Release|Any CPU
		{EF810564-1519-43EA-AF47-1975840A4A89}.Debug|Any CPU.ActiveCfg = Debug|Any CPU
		{EF810564-1519-43EA-AF47-1975840A4A89}.Debug|Any CPU.Build.0 = Debug|Any CPU
		{EF810564-1519-43EA-AF47-1975840A4A89}.Release|Any CPU.ActiveCfg = Release|Any CPU
		{EF810564-1519-43EA-AF47-1975840A4A89}.Release|Any CPU.Build.0 = Release|Any CPU
		{4EBBBB2F-5FEF-4798-885D-83CBF0726296}.Debug|Any CPU.ActiveCfg = Debug|Any CPU
		{4EBBBB2F-5FEF-4798-885D-83CBF0726296}.Debug|Any CPU.Build.0 = Debug|Any CPU
		{4EBBBB2F-5FEF-4798-885D-83CBF0726296}.Release|Any CPU.ActiveCfg = Release|Any CPU
		{4EBBBB2F-5FEF-4798-885D-83CBF0726296}.Release|Any CPU.Build.0 = Release|Any CPU
		{F86ABEC3-4728-49AC-A8C5-B55D2A158EA5}.Debug|Any CPU.ActiveCfg = Debug|Any CPU
		{F86ABEC3-4728-49AC-A8C5-B55D2A158EA5}.Debug|Any CPU.Build.0 = Debug|Any CPU
		{F86ABEC3-4728-49AC-A8C5-B55D2A158EA5}.Release|Any CPU.ActiveCfg = Release|Any CPU
		{F86ABEC3-4728-49AC-A8C5-B55D2A158EA5}.Release|Any CPU.Build.0 = Release|Any CPU
	EndGlobalSection
	GlobalSection(SolutionProperties) = preSolution
		HideSolutionNode = FALSE
	EndGlobalSection
EndGlobal
